
Microsoft Visual Studio Solution File, Format Version 12.00
# Visual Studio Version 17
VisualStudioVersion = 17.3.32901.215
MinimumVisualStudioVersion = 10.0.40219.1
Project("{FAE04EC0-301F-11D3-BF4B-00C04F79EFBC}") = "yaztemizle", "yaztemizle\yaztemizle.csproj", "{388118F9-7CCE-4DFC-B662-1023F2C488DB}"
EndProject
Global
	GlobalSection(SolutionConfigurationPlatforms) = preSolution
		Debug|Any CPU = Debug|Any CPU
		Release|Any CPU = Release|Any CPU
	EndGlobalSection
	GlobalSection(ProjectConfigurationPlatforms) = postSolution
		{388118F9-7CCE-4DFC-B662-1023F2C488DB}.Debug|Any CPU.ActiveCfg = Debug|Any CPU
		{388118F9-7CCE-4DFC-B662-1023F2C488DB}.Debug|Any CPU.Build.0 = Debug|Any CPU
		{388118F9-7CCE-4DFC-B662-1023F2C488DB}.Release|Any CPU.ActiveCfg = Release|Any CPU
		{388118F9-7CCE-4DFC-B662-1023F2C488DB}.Release|Any CPU.Build.0 = Release|Any CPU
	EndGlobalSection
	GlobalSection(SolutionProperties) = preSolution
		HideSolutionNode = FALSE
	EndGlobalSection
	GlobalSection(ExtensibilityGlobals) = postSolution
		SolutionGuid = {2A5FC747-5590-4A34-84EA-2EF7F6B30474}
	EndGlobalSection
EndGlobal
